
Microsoft Visual Studio Solution File, Format Version 12.00
# Visual Studio Version 17
VisualStudioVersion = 17.7.34202.233
MinimumVisualStudioVersion = 10.0.40219.1
Project("{FAE04EC0-301F-11D3-BF4B-00C04F79EFBC}") = "ÖDEV2", "ÖDEV2\ÖDEV2.csproj", "{38A27044-187B-4248-850C-F1008046407D}"
EndProject
Global
	GlobalSection(SolutionConfigurationPlatforms) = preSolution
		Debug|Any CPU = Debug|Any CPU
		Release|Any CPU = Release|Any CPU
	EndGlobalSection
	GlobalSection(ProjectConfigurationPlatforms) = postSolution
		{38A27044-187B-4248-850C-F1008046407D}.Debug|Any CPU.ActiveCfg = Debug|Any CPU
		{38A27044-187B-4248-850C-F1008046407D}.Debug|Any CPU.Build.0 = Debug|Any CPU
		{38A27044-187B-4248-850C-F1008046407D}.Release|Any CPU.ActiveCfg = Release|Any CPU
		{38A27044-187B-4248-850C-F1008046407D}.Release|Any CPU.Build.0 = Release|Any CPU
	EndGlobalSection
	GlobalSection(SolutionProperties) = preSolution
		HideSolutionNode = FALSE
	EndGlobalSection
	GlobalSection(ExtensibilityGlobals) = postSolution
		SolutionGuid = {E3E26F92-7CBE-45B3-B5BC-CCC629E52B3C}
	EndGlobalSection
EndGlobal
